	<Project xmlns="http://schemas.microsoft.com/developer/msbuild/2003">
		<PropertyGroup>
			<ProjectGuid>{29a50c38-e85b-424f-86b6-68e259c53afd}</ProjectGuid>
			<MainSource>GX_FormatterUnitTests.dpr</MainSource>
			<Configuration Condition=" '$(Configuration)' == '' ">Debug</Configuration>
			<DCC_DCCCompiler>DCC32</DCC_DCCCompiler>
			<DCC_DependencyCheckOutputName>..\..\GX_FormatterUnitTests.exe</DCC_DependencyCheckOutputName>
			<ProjectVersion>13.4</ProjectVersion>
			<Config Condition="'$(Config)'==''">Debug</Config>
			<FrameworkType>VCL</FrameworkType>
			<Base>True</Base>
			<Platform Condition="'$(Platform)'==''">Win32</Platform>
			<TargetedPlatforms>1</TargetedPlatforms>
			<AppType>Console</AppType>
		</PropertyGroup>
		<PropertyGroup Condition="'$(Config)'=='Base' or '$(Base)'!=''">
			<Base>true</Base>
		</PropertyGroup>
		<PropertyGroup Condition="('$(Platform)'=='Win32' and '$(Base)'=='true') or '$(Base_Win32)'!=''">
			<Base_Win32>true</Base_Win32>
			<CfgParent>Base</CfgParent>
			<Base>true</Base>
		</PropertyGroup>
		<PropertyGroup Condition="'$(Config)'=='Release' or '$(Cfg_1)'!=''">
			<Cfg_1>true</Cfg_1>
			<CfgParent>Base</CfgParent>
			<Base>true</Base>
		</PropertyGroup>
		<PropertyGroup Condition="'$(Config)'=='Debug' or '$(Cfg_2)'!=''">
			<Cfg_2>true</Cfg_2>
			<CfgParent>Base</CfgParent>
			<Base>true</Base>
		</PropertyGroup>
		<PropertyGroup Condition="('$(Platform)'=='Win32' and '$(Cfg_2)'=='true') or '$(Cfg_2_Win32)'!=''">
			<Cfg_2_Win32>true</Cfg_2_Win32>
			<CfgParent>Cfg_2</CfgParent>
			<Cfg_2>true</Cfg_2>
			<Base>true</Base>
		</PropertyGroup>
		<PropertyGroup Condition="'$(Base)'!=''">
			<Manifest_File>None</Manifest_File>
			<VerInfo_IncludeVerInfo>true</VerInfo_IncludeVerInfo>
			<DCC_Namespace>System;Xml;Data;Datasnap;Web;Soap;Winapi;Vcl;Vcl.Imaging;Vcl.Touch;Vcl.Samples;Vcl.Shell;$(DCC_Namespace)</DCC_Namespace>
			<VerInfo_Build>1</VerInfo_Build>
			<VerInfo_Locale>1033</VerInfo_Locale>
			<VerInfo_Keys>FileVersion=1.0.0.1;ProductVersion=1.0.0.0;CompanyName=;FileDescription=;InternalName=;LegalCopyright=;LegalTrademarks=;OriginalFilename=;ProductName=</VerInfo_Keys>
			<DCC_ExeOutput>..\</DCC_ExeOutput>
			<DCC_UnitSearchPath>..\source\framework;..\source\utils;..\source\formatter;$(DCC_UnitSearchPath)</DCC_UnitSearchPath>
			<DCC_DcuOutput>.\dcu</DCC_DcuOutput>
			<DCC_DependencyCheckOutputName>..\GX_FormatterUnitTests.exe</DCC_DependencyCheckOutputName>
		</PropertyGroup>
		<PropertyGroup Condition="'$(Base_Win32)'!=''">
			<VerInfo_Keys>CompanyName=;FileDescription=;FileVersion=1.0.0.0;InternalName=;LegalCopyright=;LegalTrademarks=;OriginalFilename=;ProductName=;ProductVersion=1.0.0.0;Comments=</VerInfo_Keys>
			<DCC_Namespace>System.Win;Data.Win;Datasnap.Win;Web.Win;Soap.Win;Xml.Win;Bde;$(DCC_Namespace)</DCC_Namespace>
			<Debugger_DebugSourcePath>C:\Program Files\Borland\BDS\3.0\source\dUnit\src\;$(Debugger_DebugSourcePath)</Debugger_DebugSourcePath>
			<VerInfo_Locale>1033</VerInfo_Locale>
		</PropertyGroup>
		<PropertyGroup Condition="'$(Cfg_1)'!=''">
			<DCC_DependencyCheckOutputName>..\GX_FormatterUnitTests.exe</DCC_DependencyCheckOutputName>
			<Version>7.0</Version>
			<DCC_DebugInformation>False</DCC_DebugInformation>
			<DCC_LocalDebugSymbols>False</DCC_LocalDebugSymbols>
			<DCC_Optimize>False</DCC_Optimize>
			<DCC_IntegerOverflowCheck>True</DCC_IntegerOverflowCheck>
			<DCC_RangeChecking>True</DCC_RangeChecking>
			<DCC_SymbolReferenceInfo>0</DCC_SymbolReferenceInfo>
			<DCC_ExeOutput>..\</DCC_ExeOutput>
			<DCC_UnitSearchPath>..\..\;$(DCC_UnitSearchPath)</DCC_UnitSearchPath>
			<DCC_ResourcePath>..\..\;$(DCC_ResourcePath)</DCC_ResourcePath>
			<DCC_ObjPath>..\..\;$(DCC_ObjPath)</DCC_ObjPath>
			<DCC_IncludePath>..\..\;$(DCC_IncludePath)</DCC_IncludePath>
			<DCC_Define>RELEASE;$(DCC_Define)</DCC_Define>
		</PropertyGroup>
		<PropertyGroup Condition="'$(Cfg_2)'!=''">
			<DCC_DebugDCUs>true</DCC_DebugDCUs>
			<Version>7.0</Version>
			<DCC_Optimize>False</DCC_Optimize>
			<DCC_IntegerOverflowCheck>True</DCC_IntegerOverflowCheck>
			<DCC_RangeChecking>True</DCC_RangeChecking>
			<DCC_ResourcePath>..\..\source\framework;$(DCC_ResourcePath)</DCC_ResourcePath>
			<DCC_ObjPath>..\..\source\framework;$(DCC_ObjPath)</DCC_ObjPath>
			<DCC_IncludePath>..\..\source\framework;$(DCC_IncludePath)</DCC_IncludePath>
			<DCC_ObjOutput>.\dcu</DCC_ObjOutput>
			<DCC_HppOutput>.\dcu</DCC_HppOutput>
		</PropertyGroup>
		<PropertyGroup Condition="'$(Cfg_2_Win32)'!=''">
			<DCC_MapFile>3</DCC_MapFile>
			<VerInfo_IncludeVerInfo>false</VerInfo_IncludeVerInfo>
			<VerInfo_Keys>CompanyName=;FileDescription=;FileVersion=1.0.0.1;InternalName=;LegalCopyright=;LegalTrademarks=;OriginalFilename=;ProductName=;ProductVersion=1.0.0.0;Comments=</VerInfo_Keys>
		</PropertyGroup>
		<ItemGroup>
			<DelphiCompile Include="$(MainSource)">
				<MainSource>MainSource</MainSource>
			</DelphiCompile>
			<DCCReference Include="DelForExTestOldNew.pas"/>
			<DCCReference Include="DelForExTestFiles.pas"/>
			<DCCReference Include="..\Source\formatter\GX_CodeFormatterDefaultSettings.pas"/>
			<DCCReference Include="..\Source\formatter\engine\GX_CodeFormatterTokenList.pas"/>
			<DCCReference Include="..\Source\formatter\engine\GX_CodeFormatterTypes.pas"/>
			<DCCReference Include="..\Source\formatter\engine\GX_CodeFormatterEngine.pas"/>
			<DCCReference Include="..\Source\formatter\engine\GX_CodeFormatterTokens.pas"/>
			<DCCReference Include="..\Source\formatter\engine\GX_CodeFormatterSettings.pas"/>
			<DCCReference Include="..\Source\formatter\engine\GX_CodeFormatterFormatter.pas"/>
			<DCCReference Include="..\Source\formatter\engine\GX_CodeFormatterStack.pas"/>
			<DCCReference Include="..\Source\formatter\engine\GX_CodeFormatterParser.pas"/>
			<DCCReference Include="..\Source\formatter\GX_CodeFormatterConfigHandler.pas"/>
			<DCCReference Include="..\Source\formatter\engine\GX_CodeFormatterUnicode.pas"/>
			<DCCReference Include="..\Source\Utils\GX_GenericUtils.pas"/>
			<BuildConfiguration Include="Debug">
				<Key>Cfg_2</Key>
				<CfgParent>Base</CfgParent>
			</BuildConfiguration>
			<BuildConfiguration Include="Base">
				<Key>Base</Key>
			</BuildConfiguration>
			<BuildConfiguration Include="Release">
				<Key>Cfg_1</Key>
				<CfgParent>Base</CfgParent>
			</BuildConfiguration>
		</ItemGroup>
		<Import Condition="Exists('$(BDS)\Bin\CodeGear.Delphi.Targets')" Project="$(BDS)\Bin\CodeGear.Delphi.Targets"/>
		<ProjectExtensions>
			<Borland.Personality>Delphi.Personality.12</Borland.Personality>
			<Borland.ProjectType>VCLApplication</Borland.ProjectType>
			<BorlandProject>
				<Delphi.Personality>
					<Parameters>
						<Parameters Name="DebugSourceDirs">C:\Program Files\Borland\BDS\3.0\source\dUnit\src\</Parameters>
						<Parameters Name="UseLauncher">False</Parameters>
						<Parameters Name="LoadAllSymbols">True</Parameters>
						<Parameters Name="LoadUnspecifiedSymbols">False</Parameters>
					</Parameters>
					<VersionInfo>
						<VersionInfo Name="IncludeVerInfo">True</VersionInfo>
						<VersionInfo Name="AutoIncBuild">False</VersionInfo>
						<VersionInfo Name="MajorVer">1</VersionInfo>
						<VersionInfo Name="MinorVer">0</VersionInfo>
						<VersionInfo Name="Release">0</VersionInfo>
						<VersionInfo Name="Build">1</VersionInfo>
						<VersionInfo Name="Debug">False</VersionInfo>
						<VersionInfo Name="PreRelease">False</VersionInfo>
						<VersionInfo Name="Special">False</VersionInfo>
						<VersionInfo Name="Private">False</VersionInfo>
						<VersionInfo Name="DLL">False</VersionInfo>
						<VersionInfo Name="Locale">1033</VersionInfo>
						<VersionInfo Name="CodePage">1252</VersionInfo>
					</VersionInfo>
					<VersionInfoKeys>
						<VersionInfoKeys Name="FileVersion">1.0.0.1</VersionInfoKeys>
						<VersionInfoKeys Name="ProductVersion">1.0.0.0</VersionInfoKeys>
						<VersionInfoKeys Name="CompanyName"/>
						<VersionInfoKeys Name="FileDescription"/>
						<VersionInfoKeys Name="InternalName"/>
						<VersionInfoKeys Name="LegalCopyright"/>
						<VersionInfoKeys Name="LegalTrademarks"/>
						<VersionInfoKeys Name="OriginalFilename"/>
						<VersionInfoKeys Name="ProductName"/>
					</VersionInfoKeys>
					<Excluded_Packages>
						<Excluded_Packages Name="$(BDSBIN)\dcloffice2k160.bpl">Microsoft Office 2000 Sample Automation Server Wrapper Components</Excluded_Packages>
						<Excluded_Packages Name="$(BDSBIN)\dclofficexp160.bpl">Microsoft Office XP Sample Automation Server Wrapper Components</Excluded_Packages>
					</Excluded_Packages>
					<Source>
						<Source Name="MainSource">GX_FormatterUnitTests.dpr</Source>
					</Source>
				</Delphi.Personality>
				<Platforms>
					<Platform value="Win64">False</Platform>
					<Platform value="OSX32">False</Platform>
					<Platform value="Win32">True</Platform>
				</Platforms>
			</BorlandProject>
			<ProjectFileVersion>12</ProjectFileVersion>
		</ProjectExtensions>
		<Import Condition="Exists('$(APPDATA)\Embarcadero\$(BDSAPPDATABASEDIR)\$(PRODUCTVERSION)\UserTools.proj')" Project="$(APPDATA)\Embarcadero\$(BDSAPPDATABASEDIR)\$(PRODUCTVERSION)\UserTools.proj"/>
	</Project>
